# This file is automatically @generated by Poetry 2.1.3 and should not be changed by hand.

[[package]]
name = "pyrevm"
version = "0.3.7"
description = ""
optional = false
python-versions = ">=3.7"
groups = ["main"]
files = [
    {file = "pyrevm-0.3.7-cp310-cp310-macosx_10_12_x86_64.whl", hash = "sha256:9a167214a036e36f67424a0776ebdfaf5e17f7643e602f935c3301f20b950361"},
    {file = "pyrevm-0.3.7-cp310-cp310-macosx_11_0_arm64.whl", hash = "sha256:c5c02592c5079b60764d2a38e9277f729f311a32b22129e239023c0849a1b25e"},
    {file = "pyrevm-0.3.7-cp310-cp310-manylinux_2_17_i686.manylinux2014_i686.whl", hash = "sha256:ca46087037c438d32228b41321d1858499ed6f88aa476eafaf7dc4edb685ea67"},
    {file = "pyrevm-0.3.7-cp310-cp310-manylinux_2_17_x86_64.manylinux2014_x86_64.whl", hash = "sha256:477b9b21c638179691f7bb0e1c7eb9d84c03ba90dc0e40cf50cf416e96d0ff4d"},
    {file = "pyrevm-0.3.7-cp310-none-win_amd64.whl", hash = "sha256:989b17e24ff5ee47985d996bb7e0d9f38cc2079f30e5d9a960436422008d31ed"},
    {file = "pyrevm-0.3.7-cp311-cp311-macosx_10_12_x86_64.whl", hash = "sha256:e43aae42944bfd35ba37f01aec2cd092440865581af44e4580ffc153e30f82cf"},
    {file = "pyrevm-0.3.7-cp311-cp311-macosx_11_0_arm64.whl", hash = "sha256:f5b606806c1e65cbc2633ac13d819a04bce342d68335655ceb9a1bc51fed4447"},
    {file = "pyrevm-0.3.7-cp311-cp311-manylinux_2_17_i686.manylinux2014_i686.whl", hash = "sha256:2d68a13be420d0f129e37c1cf0e2868812ce17e45749f93f97ef07980c765341"},
    {file = "pyrevm-0.3.7-cp311-cp311-manylinux_2_17_x86_64.manylinux2014_x86_64.whl", hash = "sha256:d46fdc51cb6c06b5c2ad85b1c2160b35efc74d27baf318167360d2fb6636aa26"},
    {file = "pyrevm-0.3.7-cp311-none-win_amd64.whl", hash = "sha256:cfc698975f47cf62f310d452e57148c81ac0463f19f04b8fa34b135170394c33"},
    {file = "pyrevm-0.3.7-cp312-cp312-macosx_10_12_x86_64.whl", hash = "sha256:456411132c5431ccc58e59353325e43736ea4bd4941fd8b17c7c14583afda031"},
    {file = "pyrevm-0.3.7-cp312-cp312-macosx_11_0_arm64.whl", hash = "sha256:b149fe2b3e79fad7c638de6f3d5761d4c97fa35fd40a552337af8305c57a70dd"},
    {file = "pyrevm-0.3.7-cp312-cp312-manylinux_2_17_i686.manylinux2014_i686.whl", hash = "sha256:a958e65c694ca99a22fe9283d57b83828902a808114f98f033490bbf0526bc75"},
    {file = "pyrevm-0.3.7-cp312-cp312-manylinux_2_17_x86_64.manylinux2014_x86_64.whl", hash = "sha256:d055860c3352d6bc180b80255d8563f0b3c0fe6ce62b5c2a52e1bc7ecc4fad4f"},
    {file = "pyrevm-0.3.7-cp312-none-win_amd64.whl", hash = "sha256:e5ce297d397c60c50f1c46f75d04620efa36190ef3b91523769d3631dfcefed2"},
    {file = "pyrevm-0.3.7-cp313-none-win_amd64.whl", hash = "sha256:288b6408c538670b21bffa36ae4b44fb7f252cf7355df73f46c9e044bf6c7225"},
    {file = "pyrevm-0.3.7-cp314-none-win_amd64.whl", hash = "sha256:438686704d2705f7d7e4c833002da62f4e15e28006633a6aca3ae795cfb0ba22"},
    {file = "pyrevm-0.3.7-cp38-cp38-manylinux_2_17_i686.manylinux2014_i686.whl", hash = "sha256:b49a4d13eb97cdff2027663224f2d31fa6aa711e23c2d9cca7ace54008bb7e94"},
    {file = "pyrevm-0.3.7-cp38-cp38-manylinux_2_17_x86_64.manylinux2014_x86_64.whl", hash = "sha256:acb6f43d6ba71280282711ac243202f0855b1000f6520cb2f0bea92ab4c3e114"},
    {file = "pyrevm-0.3.7-cp39-cp39-manylinux_2_17_i686.manylinux2014_i686.whl", hash = "sha256:a25d619c40652bbc7ab6e03afe9dd93ef5a6d91ee88c8058db807e80d2a17236"},
    {file = "pyrevm-0.3.7-cp39-cp39-manylinux_2_17_x86_64.manylinux2014_x86_64.whl", hash = "sha256:b4a8de6b8b5a4d2ce2b846f8f567ac94346a7bf0aeb0d47e8ddf2f396b52fffd"},
    {file = "pyrevm-0.3.7.tar.gz", hash = "sha256:9fc770ec166a44a037da9a6dcdfa3e1757dbd3e0a2cdee97d7679ff5ce6a8f74"},
]

[metadata]
lock-version = "2.1"
python-versions = ">=3.9,<4.0"
content-hash = "b91f80fc9e573ae15cfbb77370034877f4bfc46f7543d774ff4bcc6502b983aa"
